
Microsoft Visual Studio Solution File, Format Version 12.00
# Visual Studio Version 16
VisualStudioVersion = 16.0.30711.63
MinimumVisualStudioVersion = 10.0.40219.1
Project("{FAE04EC0-301F-11D3-BF4B-00C04F79EFBC}") = "Лабораторная 4", "Лабораторная 4\Лабораторная 4.csproj", "{9B04C2C5-39E0-46C5-8665-97A2C4F9F02D}"
EndProject
Global
	GlobalSection(SolutionConfigurationPlatforms) = preSolution
		Debug|Any CPU = Debug|Any CPU
		Release|Any CPU = Release|Any CPU
	EndGlobalSection
	GlobalSection(ProjectConfigurationPlatforms) = postSolution
		{9B04C2C5-39E0-46C5-8665-97A2C4F9F02D}.Debug|Any CPU.ActiveCfg = Debug|Any CPU
		{9B04C2C5-39E0-46C5-8665-97A2C4F9F02D}.Debug|Any CPU.Build.0 = Debug|Any CPU
		{9B04C2C5-39E0-46C5-8665-97A2C4F9F02D}.Release|Any CPU.ActiveCfg = Release|Any CPU
		{9B04C2C5-39E0-46C5-8665-97A2C4F9F02D}.Release|Any CPU.Build.0 = Release|Any CPU
	EndGlobalSection
	GlobalSection(SolutionProperties) = preSolution
		HideSolutionNode = FALSE
	EndGlobalSection
	GlobalSection(ExtensibilityGlobals) = postSolution
		SolutionGuid = {C840E924-A638-4410-AFED-49CE6A35EB62}
	EndGlobalSection
EndGlobal
